
Microsoft Visual Studio Solution File, Format Version 12.00
# Visual Studio Version 17
VisualStudioVersion = 17.0.31903.59
MinimumVisualStudioVersion = 10.0.40219.1
Project("{2150E333-8FDC-42A3-9474-1A3956D46DE8}") = "src", "src", "{65BE1EDB-2058-4C38-9A1C-31F19E957340}"
EndProject
Project("{FAE04EC0-301F-11D3-BF4B-00C04F79EFBC}") = "Csv", "src\Csv\Csv.csproj", "{AC6ACEA6-7ADD-4E67-8EC5-08487D617A5D}"
EndProject
Project("{2150E333-8FDC-42A3-9474-1A3956D46DE8}") = "tests", "tests", "{25689949-0B4F-43CE-95CF-FA8039AB12C5}"
EndProject
Project("{FAE04EC0-301F-11D3-BF4B-00C04F79EFBC}") = "Csv.Tests", "tests\Csv.Tests\Csv.Tests.csproj", "{D3C71266-BE2B-4ACC-8ACE-32E169CC68CB}"
EndProject
Project("{FAE04EC0-301F-11D3-BF4B-00C04F79EFBC}") = "Csv.SourceGenerator", "src\Csv.SourceGenerator\Csv.SourceGenerator.csproj", "{F5C5D27B-55C2-47F2-BF81-F2F4CFFE520C}"
EndProject
Project("{FAE04EC0-301F-11D3-BF4B-00C04F79EFBC}") = "Csv.Annotations", "src\Csv.Annotations\Csv.Annotations.csproj", "{60D177F5-2CA5-458F-9864-BECF814E7C62}"
EndProject
Project("{2150E333-8FDC-42A3-9474-1A3956D46DE8}") = "sandbox", "sandbox", "{9AB0971A-B603-4837-99FA-73DDDDD2C363}"
EndProject
Project("{FAE04EC0-301F-11D3-BF4B-00C04F79EFBC}") = "ConsoleApp1", "sandbox\ConsoleApp1\ConsoleApp1.csproj", "{AD9CDB9C-2D7B-4E82-8F1A-E60546F759B3}"
EndProject
Project("{FAE04EC0-301F-11D3-BF4B-00C04F79EFBC}") = "Benchmark", "sandbox\Benchmark\Benchmark.csproj", "{C96421CA-8A78-4B3E-9CD8-9DD21850CD44}"
EndProject
Global
	GlobalSection(SolutionConfigurationPlatforms) = preSolution
		Debug|Any CPU = Debug|Any CPU
		Release|Any CPU = Release|Any CPU
	EndGlobalSection
	GlobalSection(SolutionProperties) = preSolution
		HideSolutionNode = FALSE
	EndGlobalSection
	GlobalSection(ProjectConfigurationPlatforms) = postSolution
		{AC6ACEA6-7ADD-4E67-8EC5-08487D617A5D}.Debug|Any CPU.ActiveCfg = Debug|Any CPU
		{AC6ACEA6-7ADD-4E67-8EC5-08487D617A5D}.Debug|Any CPU.Build.0 = Debug|Any CPU
		{AC6ACEA6-7ADD-4E67-8EC5-08487D617A5D}.Release|Any CPU.ActiveCfg = Release|Any CPU
		{AC6ACEA6-7ADD-4E67-8EC5-08487D617A5D}.Release|Any CPU.Build.0 = Release|Any CPU
		{D3C71266-BE2B-4ACC-8ACE-32E169CC68CB}.Debug|Any CPU.ActiveCfg = Debug|Any CPU
		{D3C71266-BE2B-4ACC-8ACE-32E169CC68CB}.Debug|Any CPU.Build.0 = Debug|Any CPU
		{D3C71266-BE2B-4ACC-8ACE-32E169CC68CB}.Release|Any CPU.ActiveCfg = Release|Any CPU
		{D3C71266-BE2B-4ACC-8ACE-32E169CC68CB}.Release|Any CPU.Build.0 = Release|Any CPU
		{F5C5D27B-55C2-47F2-BF81-F2F4CFFE520C}.Debug|Any CPU.ActiveCfg = Debug|Any CPU
		{F5C5D27B-55C2-47F2-BF81-F2F4CFFE520C}.Debug|Any CPU.Build.0 = Debug|Any CPU
		{F5C5D27B-55C2-47F2-BF81-F2F4CFFE520C}.Release|Any CPU.ActiveCfg = Release|Any CPU
		{F5C5D27B-55C2-47F2-BF81-F2F4CFFE520C}.Release|Any CPU.Build.0 = Release|Any CPU
		{60D177F5-2CA5-458F-9864-BECF814E7C62}.Debug|Any CPU.ActiveCfg = Debug|Any CPU
		{60D177F5-2CA5-458F-9864-BECF814E7C62}.Debug|Any CPU.Build.0 = Debug|Any CPU
		{60D177F5-2CA5-458F-9864-BECF814E7C62}.Release|Any CPU.ActiveCfg = Release|Any CPU
		{60D177F5-2CA5-458F-9864-BECF814E7C62}.Release|Any CPU.Build.0 = Release|Any CPU
		{AD9CDB9C-2D7B-4E82-8F1A-E60546F759B3}.Debug|Any CPU.ActiveCfg = Debug|Any CPU
		{AD9CDB9C-2D7B-4E82-8F1A-E60546F759B3}.Debug|Any CPU.Build.0 = Debug|Any CPU
		{AD9CDB9C-2D7B-4E82-8F1A-E60546F759B3}.Release|Any CPU.ActiveCfg = Release|Any CPU
		{AD9CDB9C-2D7B-4E82-8F1A-E60546F759B3}.Release|Any CPU.Build.0 = Release|Any CPU
		{C96421CA-8A78-4B3E-9CD8-9DD21850CD44}.Debug|Any CPU.ActiveCfg = Debug|Any CPU
		{C96421CA-8A78-4B3E-9CD8-9DD21850CD44}.Debug|Any CPU.Build.0 = Debug|Any CPU
		{C96421CA-8A78-4B3E-9CD8-9DD21850CD44}.Release|Any CPU.ActiveCfg = Release|Any CPU
		{C96421CA-8A78-4B3E-9CD8-9DD21850CD44}.Release|Any CPU.Build.0 = Release|Any CPU
	EndGlobalSection
	GlobalSection(NestedProjects) = preSolution
		{AC6ACEA6-7ADD-4E67-8EC5-08487D617A5D} = {65BE1EDB-2058-4C38-9A1C-31F19E957340}
		{D3C71266-BE2B-4ACC-8ACE-32E169CC68CB} = {25689949-0B4F-43CE-95CF-FA8039AB12C5}
		{F5C5D27B-55C2-47F2-BF81-F2F4CFFE520C} = {65BE1EDB-2058-4C38-9A1C-31F19E957340}
		{60D177F5-2CA5-458F-9864-BECF814E7C62} = {65BE1EDB-2058-4C38-9A1C-31F19E957340}
		{AD9CDB9C-2D7B-4E82-8F1A-E60546F759B3} = {9AB0971A-B603-4837-99FA-73DDDDD2C363}
		{C96421CA-8A78-4B3E-9CD8-9DD21850CD44} = {9AB0971A-B603-4837-99FA-73DDDDD2C363}
	EndGlobalSection
EndGlobal
